
Microsoft Visual Studio Solution File, Format Version 12.00
# Visual Studio Version 17
VisualStudioVersion = 17.8.34525.116
MinimumVisualStudioVersion = 10.0.40219.1
Project("{FAE04EC0-301F-11D3-BF4B-00C04F79EFBC}") = "EntityFrameworkPractice", "EntityFrameworkPractice\EntityFrameworkPractice.csproj", "{D1448E4A-CA2F-401D-BD03-D509CC80C921}"
EndProject
Global
	GlobalSection(SolutionConfigurationPlatforms) = preSolution
		Debug|Any CPU = Debug|Any CPU
		Release|Any CPU = Release|Any CPU
	EndGlobalSection
	GlobalSection(ProjectConfigurationPlatforms) = postSolution
		{D1448E4A-CA2F-401D-BD03-D509CC80C921}.Debug|Any CPU.ActiveCfg = Debug|Any CPU
		{D1448E4A-CA2F-401D-BD03-D509CC80C921}.Debug|Any CPU.Build.0 = Debug|Any CPU
		{D1448E4A-CA2F-401D-BD03-D509CC80C921}.Release|Any CPU.ActiveCfg = Release|Any CPU
		{D1448E4A-CA2F-401D-BD03-D509CC80C921}.Release|Any CPU.Build.0 = Release|Any CPU
	EndGlobalSection
	GlobalSection(SolutionProperties) = preSolution
		HideSolutionNode = FALSE
	EndGlobalSection
	GlobalSection(ExtensibilityGlobals) = postSolution
		SolutionGuid = {80C5394F-DFF0-4EA9-A1EE-11C194B0C7B6}
	EndGlobalSection
EndGlobal
